
Microsoft Visual Studio Solution File, Format Version 12.00
# Visual Studio Version 17
VisualStudioVersion = 17.6.33829.357
MinimumVisualStudioVersion = 10.0.40219.1
Project("{FAE04EC0-301F-11D3-BF4B-00C04F79EFBC}") = "Optimeet", "Optimeet\Optimeet.csproj", "{458029F9-85FE-4E49-A541-66B93832A7C3}"
EndProject
Project("{2150E333-8FDC-42A3-9474-1A3956D46DE8}") = "Solution Items", "Solution Items", "{BC761EB1-5482-4F01-B150-9E9172FB93BA}"
EndProject
Global
	GlobalSection(SolutionConfigurationPlatforms) = preSolution
		Debug|Any CPU = Debug|Any CPU
		Release|Any CPU = Release|Any CPU
	EndGlobalSection
	GlobalSection(ProjectConfigurationPlatforms) = postSolution
		{458029F9-85FE-4E49-A541-66B93832A7C3}.Debug|Any CPU.ActiveCfg = Debug|Any CPU
		{458029F9-85FE-4E49-A541-66B93832A7C3}.Debug|Any CPU.Build.0 = Debug|Any CPU
		{458029F9-85FE-4E49-A541-66B93832A7C3}.Release|Any CPU.ActiveCfg = Release|Any CPU
		{458029F9-85FE-4E49-A541-66B93832A7C3}.Release|Any CPU.Build.0 = Release|Any CPU
	EndGlobalSection
	GlobalSection(SolutionProperties) = preSolution
		HideSolutionNode = FALSE
	EndGlobalSection
	GlobalSection(ExtensibilityGlobals) = postSolution
		SolutionGuid = {DF489265-4CC9-4B87-960D-C8D1B16F1B69}
	EndGlobalSection
EndGlobal
